
Microsoft Visual Studio Solution File, Format Version 12.00
# Visual Studio Version 17
VisualStudioVersion = 17.0.31903.59
MinimumVisualStudioVersion = 10.0.40219.1
Project("{9A19103F-16F7-4668-BE54-9A1E7A4F7556}") = "GustovRestaurant.Api", "GustovRestaurant.Api\GustovRestaurant.Api.csproj", "{90B642DE-2BC2-4FC2-8012-32E0F9875E6E}"
EndProject
Project("{9A19103F-16F7-4668-BE54-9A1E7A4F7556}") = "GustovRestaurant.Application", "GustovRestaurant.Application\GustovRestaurant.Application.csproj", "{37CE490A-3A65-46C1-9CFF-E5FE016809BD}"
EndProject
Project("{9A19103F-16F7-4668-BE54-9A1E7A4F7556}") = "GustovRestaurant.Domain", "GustovRestaurant.Domain\GustovRestaurant.Domain.csproj", "{2D41E9D9-F549-4DF1-A04C-A7BD1C854B93}"
EndProject
Project("{9A19103F-16F7-4668-BE54-9A1E7A4F7556}") = "GustovRestaurant.Infraestructure", "GustovRestaurant.Infraestructure\GustovRestaurant.Infraestructure.csproj", "{D196DC79-9480-4FB6-A072-58E87142C615}"
EndProject
Project("{FAE04EC0-301F-11D3-BF4B-00C04F79EFBC}") = "GustovRestaurant.Reports", "GustovRestaurant.Reports\GustovRestaurant.Reports.csproj", "{BF41ECCA-28C1-4701-8591-CE3D5A0C7223}"
EndProject
Global
	GlobalSection(SolutionConfigurationPlatforms) = preSolution
		Debug|Any CPU = Debug|Any CPU
		Release|Any CPU = Release|Any CPU
	EndGlobalSection
	GlobalSection(ProjectConfigurationPlatforms) = postSolution
		{90B642DE-2BC2-4FC2-8012-32E0F9875E6E}.Debug|Any CPU.ActiveCfg = Debug|Any CPU
		{90B642DE-2BC2-4FC2-8012-32E0F9875E6E}.Debug|Any CPU.Build.0 = Debug|Any CPU
		{90B642DE-2BC2-4FC2-8012-32E0F9875E6E}.Release|Any CPU.ActiveCfg = Release|Any CPU
		{90B642DE-2BC2-4FC2-8012-32E0F9875E6E}.Release|Any CPU.Build.0 = Release|Any CPU
		{37CE490A-3A65-46C1-9CFF-E5FE016809BD}.Debug|Any CPU.ActiveCfg = Debug|Any CPU
		{37CE490A-3A65-46C1-9CFF-E5FE016809BD}.Debug|Any CPU.Build.0 = Debug|Any CPU
		{37CE490A-3A65-46C1-9CFF-E5FE016809BD}.Release|Any CPU.ActiveCfg = Release|Any CPU
		{37CE490A-3A65-46C1-9CFF-E5FE016809BD}.Release|Any CPU.Build.0 = Release|Any CPU
		{2D41E9D9-F549-4DF1-A04C-A7BD1C854B93}.Debug|Any CPU.ActiveCfg = Debug|Any CPU
		{2D41E9D9-F549-4DF1-A04C-A7BD1C854B93}.Debug|Any CPU.Build.0 = Debug|Any CPU
		{2D41E9D9-F549-4DF1-A04C-A7BD1C854B93}.Release|Any CPU.ActiveCfg = Release|Any CPU
		{2D41E9D9-F549-4DF1-A04C-A7BD1C854B93}.Release|Any CPU.Build.0 = Release|Any CPU
		{D196DC79-9480-4FB6-A072-58E87142C615}.Debug|Any CPU.ActiveCfg = Debug|Any CPU
		{D196DC79-9480-4FB6-A072-58E87142C615}.Debug|Any CPU.Build.0 = Debug|Any CPU
		{D196DC79-9480-4FB6-A072-58E87142C615}.Release|Any CPU.ActiveCfg = Release|Any CPU
		{D196DC79-9480-4FB6-A072-58E87142C615}.Release|Any CPU.Build.0 = Release|Any CPU
		{BF41ECCA-28C1-4701-8591-CE3D5A0C7223}.Debug|Any CPU.ActiveCfg = Debug|Any CPU
		{BF41ECCA-28C1-4701-8591-CE3D5A0C7223}.Debug|Any CPU.Build.0 = Debug|Any CPU
		{BF41ECCA-28C1-4701-8591-CE3D5A0C7223}.Release|Any CPU.ActiveCfg = Release|Any CPU
		{BF41ECCA-28C1-4701-8591-CE3D5A0C7223}.Release|Any CPU.Build.0 = Release|Any CPU
	EndGlobalSection
	GlobalSection(SolutionProperties) = preSolution
		HideSolutionNode = FALSE
	EndGlobalSection
	GlobalSection(ExtensibilityGlobals) = postSolution
		SolutionGuid = {E843F568-DB31-4D2C-BDDE-1C3AE1F4619B}
	EndGlobalSection
EndGlobal
