
Microsoft Visual Studio Solution File, Format Version 12.00
# Visual Studio Version 17
VisualStudioVersion = 17.0.31903.59
MinimumVisualStudioVersion = 10.0.40219.1
Project("{FAE04EC0-301F-11D3-BF4B-00C04F79EFBC}") = "GustovRestaurant.Api", "GustovRestaurant.Api\GustovRestaurant.Api.csproj", "{90B642DE-2BC2-4FC2-8012-32E0F9875E6E}"
EndProject
Project("{FAE04EC0-301F-11D3-BF4B-00C04F79EFBC}") = "GustovRestaurant.Application", "GustovRestaurant.Application\GustovRestaurant.Application.csproj", "{37CE490A-3A65-46C1-9CFF-E5FE016809BD}"
EndProject
Project("{FAE04EC0-301F-11D3-BF4B-00C04F79EFBC}") = "GustovRestaurant.Domain", "GustovRestaurant.Domain\GustovRestaurant.Domain.csproj", "{2D41E9D9-F549-4DF1-A04C-A7BD1C854B93}"
EndProject
Project("{FAE04EC0-301F-11D3-BF4B-00C04F79EFBC}") = "GustovRestaurant.Infraestructure", "GustovRestaurant.Infraestructure\GustovRestaurant.Infraestructure.csproj", "{D196DC79-9480-4FB6-A072-58E87142C615}"
EndProject
Global
	GlobalSection(SolutionConfigurationPlatforms) = preSolution
		Debug|Any CPU = Debug|Any CPU
		Release|Any CPU = Release|Any CPU
	EndGlobalSection
	GlobalSection(SolutionProperties) = preSolution
		HideSolutionNode = FALSE
	EndGlobalSection
	GlobalSection(ProjectConfigurationPlatforms) = postSolution
		{90B642DE-2BC2-4FC2-8012-32E0F9875E6E}.Debug|Any CPU.ActiveCfg = Debug|Any CPU
		{90B642DE-2BC2-4FC2-8012-32E0F9875E6E}.Debug|Any CPU.Build.0 = Debug|Any CPU
		{90B642DE-2BC2-4FC2-8012-32E0F9875E6E}.Release|Any CPU.ActiveCfg = Release|Any CPU
		{90B642DE-2BC2-4FC2-8012-32E0F9875E6E}.Release|Any CPU.Build.0 = Release|Any CPU
		{37CE490A-3A65-46C1-9CFF-E5FE016809BD}.Debug|Any CPU.ActiveCfg = Debug|Any CPU
		{37CE490A-3A65-46C1-9CFF-E5FE016809BD}.Debug|Any CPU.Build.0 = Debug|Any CPU
		{37CE490A-3A65-46C1-9CFF-E5FE016809BD}.Release|Any CPU.ActiveCfg = Release|Any CPU
		{37CE490A-3A65-46C1-9CFF-E5FE016809BD}.Release|Any CPU.Build.0 = Release|Any CPU
		{2D41E9D9-F549-4DF1-A04C-A7BD1C854B93}.Debug|Any CPU.ActiveCfg = Debug|Any CPU
		{2D41E9D9-F549-4DF1-A04C-A7BD1C854B93}.Debug|Any CPU.Build.0 = Debug|Any CPU
		{2D41E9D9-F549-4DF1-A04C-A7BD1C854B93}.Release|Any CPU.ActiveCfg = Release|Any CPU
		{2D41E9D9-F549-4DF1-A04C-A7BD1C854B93}.Release|Any CPU.Build.0 = Release|Any CPU
		{D196DC79-9480-4FB6-A072-58E87142C615}.Debug|Any CPU.ActiveCfg = Debug|Any CPU
		{D196DC79-9480-4FB6-A072-58E87142C615}.Debug|Any CPU.Build.0 = Debug|Any CPU
		{D196DC79-9480-4FB6-A072-58E87142C615}.Release|Any CPU.ActiveCfg = Release|Any CPU
		{D196DC79-9480-4FB6-A072-58E87142C615}.Release|Any CPU.Build.0 = Release|Any CPU
	EndGlobalSection
EndGlobal
